
Microsoft Visual Studio Solution File, Format Version 12.00
# Visual Studio 15
VisualStudioVersion = 15.0.27428.2015
MinimumVisualStudioVersion = 10.0.40219.1
Project("{9A19103F-16F7-4668-BE54-9A1E7A4F7556}") = "Data", "Common\Data\Data.csproj", "{39679044-33A8-4B73-95BA-287C6AFE1872}"
EndProject
Project("{2150E333-8FDC-42A3-9474-1A3956D46DE8}") = "Common", "Common", "{1761C059-66E4-43F9-B73D-83E73C135777}"
EndProject
Project("{9A19103F-16F7-4668-BE54-9A1E7A4F7556}") = "DBConnection", "Common\DBConnection\DBConnection.csproj", "{78355DB5-2B81-4F72-8858-77B1437658F3}"
EndProject
Project("{2150E333-8FDC-42A3-9474-1A3956D46DE8}") = "Model", "Model", "{C9B94848-1AC3-4C3A-A560-C7049B418C12}"
EndProject
Project("{9A19103F-16F7-4668-BE54-9A1E7A4F7556}") = "ErrorHandling", "Common\ErrorHandling\ErrorHandling\ErrorHandling.csproj", "{B7070BFA-906F-4CFF-9B4E-8E3EDD338AEE}"
EndProject
Project("{9A19103F-16F7-4668-BE54-9A1E7A4F7556}") = "Utils", "Utils\Utils\Utils.csproj", "{A57091EC-AA22-46E5-9C35-D43C2AEF2B95}"
EndProject
Project("{9A19103F-16F7-4668-BE54-9A1E7A4F7556}") = "EFC2_CommonDB", "Model\EFC2_CommonDB\EFC2_CommonDB.csproj", "{B5B52425-50BD-4B0B-89B9-BC9A790DA714}"
EndProject
Project("{2150E333-8FDC-42A3-9474-1A3956D46DE8}") = "Tests", "Tests", "{DADD1507-CF14-4354-8FA4-80B542F94C22}"
EndProject
Project("{9A19103F-16F7-4668-BE54-9A1E7A4F7556}") = "TestConsole", "TestConsole\TestConsole\TestConsole.csproj", "{B7E7165E-8D63-4DB7-8665-7CF72CA1E186}"
EndProject
Project("{2150E333-8FDC-42A3-9474-1A3956D46DE8}") = "Data.Model", "Data.Model", "{E78D861C-C76C-4965-A4DA-D37FFA8F0B8F}"
EndProject
Project("{2150E333-8FDC-42A3-9474-1A3956D46DE8}") = "Services", "Services", "{C670DA20-E186-4E73-985C-4229E4EB296D}"
EndProject
Project("{9A19103F-16F7-4668-BE54-9A1E7A4F7556}") = "APIBitacora", "Services\Bitacora\APIBitacora\APIBitacora.csproj", "{C159603A-3D1A-4D97-995B-C6A412B3D2E6}"
EndProject
Project("{2150E333-8FDC-42A3-9474-1A3956D46DE8}") = "Entities", "Entities", "{109162FD-4796-44FC-9D40-BFCA1351A75C}"
EndProject
Project("{FAE04EC0-301F-11D3-BF4B-00C04F79EFBC}") = "GeneralProperties", "Common\Entities\GeneralProperties\GeneralProperties.csproj", "{B5C78A8D-4B11-4A9E-AACF-71D1943E24A3}"
EndProject
Project("{9A19103F-16F7-4668-BE54-9A1E7A4F7556}") = "DMBitacora", "Data.Model\DataModel\Bitacora\DMBitacora.csproj", "{99083242-9742-44FC-9A10-347B6227312E}"
EndProject
Global
	GlobalSection(SolutionConfigurationPlatforms) = preSolution
		Debug|Any CPU = Debug|Any CPU
		Release|Any CPU = Release|Any CPU
	EndGlobalSection
	GlobalSection(ProjectConfigurationPlatforms) = postSolution
		{39679044-33A8-4B73-95BA-287C6AFE1872}.Debug|Any CPU.ActiveCfg = Debug|Any CPU
		{39679044-33A8-4B73-95BA-287C6AFE1872}.Debug|Any CPU.Build.0 = Debug|Any CPU
		{39679044-33A8-4B73-95BA-287C6AFE1872}.Release|Any CPU.ActiveCfg = Release|Any CPU
		{39679044-33A8-4B73-95BA-287C6AFE1872}.Release|Any CPU.Build.0 = Release|Any CPU
		{78355DB5-2B81-4F72-8858-77B1437658F3}.Debug|Any CPU.ActiveCfg = Debug|Any CPU
		{78355DB5-2B81-4F72-8858-77B1437658F3}.Debug|Any CPU.Build.0 = Debug|Any CPU
		{78355DB5-2B81-4F72-8858-77B1437658F3}.Release|Any CPU.ActiveCfg = Release|Any CPU
		{78355DB5-2B81-4F72-8858-77B1437658F3}.Release|Any CPU.Build.0 = Release|Any CPU
		{B7070BFA-906F-4CFF-9B4E-8E3EDD338AEE}.Debug|Any CPU.ActiveCfg = Debug|Any CPU
		{B7070BFA-906F-4CFF-9B4E-8E3EDD338AEE}.Debug|Any CPU.Build.0 = Debug|Any CPU
		{B7070BFA-906F-4CFF-9B4E-8E3EDD338AEE}.Release|Any CPU.ActiveCfg = Release|Any CPU
		{B7070BFA-906F-4CFF-9B4E-8E3EDD338AEE}.Release|Any CPU.Build.0 = Release|Any CPU
		{A57091EC-AA22-46E5-9C35-D43C2AEF2B95}.Debug|Any CPU.ActiveCfg = Debug|Any CPU
		{A57091EC-AA22-46E5-9C35-D43C2AEF2B95}.Debug|Any CPU.Build.0 = Debug|Any CPU
		{A57091EC-AA22-46E5-9C35-D43C2AEF2B95}.Release|Any CPU.ActiveCfg = Release|Any CPU
		{A57091EC-AA22-46E5-9C35-D43C2AEF2B95}.Release|Any CPU.Build.0 = Release|Any CPU
		{B5B52425-50BD-4B0B-89B9-BC9A790DA714}.Debug|Any CPU.ActiveCfg = Debug|Any CPU
		{B5B52425-50BD-4B0B-89B9-BC9A790DA714}.Debug|Any CPU.Build.0 = Debug|Any CPU
		{B5B52425-50BD-4B0B-89B9-BC9A790DA714}.Release|Any CPU.ActiveCfg = Release|Any CPU
		{B5B52425-50BD-4B0B-89B9-BC9A790DA714}.Release|Any CPU.Build.0 = Release|Any CPU
		{B7E7165E-8D63-4DB7-8665-7CF72CA1E186}.Debug|Any CPU.ActiveCfg = Debug|Any CPU
		{B7E7165E-8D63-4DB7-8665-7CF72CA1E186}.Debug|Any CPU.Build.0 = Debug|Any CPU
		{B7E7165E-8D63-4DB7-8665-7CF72CA1E186}.Release|Any CPU.ActiveCfg = Release|Any CPU
		{B7E7165E-8D63-4DB7-8665-7CF72CA1E186}.Release|Any CPU.Build.0 = Release|Any CPU
		{C159603A-3D1A-4D97-995B-C6A412B3D2E6}.Debug|Any CPU.ActiveCfg = Debug|Any CPU
		{C159603A-3D1A-4D97-995B-C6A412B3D2E6}.Debug|Any CPU.Build.0 = Debug|Any CPU
		{C159603A-3D1A-4D97-995B-C6A412B3D2E6}.Release|Any CPU.ActiveCfg = Release|Any CPU
		{C159603A-3D1A-4D97-995B-C6A412B3D2E6}.Release|Any CPU.Build.0 = Release|Any CPU
		{B5C78A8D-4B11-4A9E-AACF-71D1943E24A3}.Debug|Any CPU.ActiveCfg = Debug|Any CPU
		{B5C78A8D-4B11-4A9E-AACF-71D1943E24A3}.Debug|Any CPU.Build.0 = Debug|Any CPU
		{B5C78A8D-4B11-4A9E-AACF-71D1943E24A3}.Release|Any CPU.ActiveCfg = Release|Any CPU
		{B5C78A8D-4B11-4A9E-AACF-71D1943E24A3}.Release|Any CPU.Build.0 = Release|Any CPU
		{99083242-9742-44FC-9A10-347B6227312E}.Debug|Any CPU.ActiveCfg = Debug|Any CPU
		{99083242-9742-44FC-9A10-347B6227312E}.Debug|Any CPU.Build.0 = Debug|Any CPU
		{99083242-9742-44FC-9A10-347B6227312E}.Release|Any CPU.ActiveCfg = Release|Any CPU
		{99083242-9742-44FC-9A10-347B6227312E}.Release|Any CPU.Build.0 = Release|Any CPU
	EndGlobalSection
	GlobalSection(SolutionProperties) = preSolution
		HideSolutionNode = FALSE
	EndGlobalSection
	GlobalSection(NestedProjects) = preSolution
		{39679044-33A8-4B73-95BA-287C6AFE1872} = {1761C059-66E4-43F9-B73D-83E73C135777}
		{78355DB5-2B81-4F72-8858-77B1437658F3} = {1761C059-66E4-43F9-B73D-83E73C135777}
		{B7070BFA-906F-4CFF-9B4E-8E3EDD338AEE} = {1761C059-66E4-43F9-B73D-83E73C135777}
		{A57091EC-AA22-46E5-9C35-D43C2AEF2B95} = {1761C059-66E4-43F9-B73D-83E73C135777}
		{B5B52425-50BD-4B0B-89B9-BC9A790DA714} = {C9B94848-1AC3-4C3A-A560-C7049B418C12}
		{B7E7165E-8D63-4DB7-8665-7CF72CA1E186} = {DADD1507-CF14-4354-8FA4-80B542F94C22}
		{C159603A-3D1A-4D97-995B-C6A412B3D2E6} = {C670DA20-E186-4E73-985C-4229E4EB296D}
		{109162FD-4796-44FC-9D40-BFCA1351A75C} = {1761C059-66E4-43F9-B73D-83E73C135777}
		{B5C78A8D-4B11-4A9E-AACF-71D1943E24A3} = {109162FD-4796-44FC-9D40-BFCA1351A75C}
		{99083242-9742-44FC-9A10-347B6227312E} = {E78D861C-C76C-4965-A4DA-D37FFA8F0B8F}
	EndGlobalSection
	GlobalSection(ExtensibilityGlobals) = postSolution
		SolutionGuid = {B365AF28-6905-4695-ABC0-CE60B1B42534}
	EndGlobalSection
EndGlobal
